Microsoft Visual Studio Solution File, Format Version 12.00
# Visual Studio 15
VisualStudioVersion = 15.0.27703.2042
MinimumVisualStudioVersion = 10.0.40219.1
Project("{FAE04EC0-301F-11D3-BF4B-00C04F79EFBC}") = "WebServiceStudio", "WebServiceStudio\WebServiceStudio.csproj", "{D1E6CA9A-A5CA-4BBB-A496-C9846CBF5CE2}"
EndProject
Global
	GlobalSection(SolutionConfigurationPlatforms) = preSolution
		Debug|Any CPU = Debug|Any CPU
		Release|Any CPU = Release|Any CPU
	EndGlobalSection
	GlobalSection(ProjectConfigurationPlatforms) = postSolution
		{D1E6CA9A-A5CA-4BBB-A496-C9846CBF5CE2}.Debug|Any CPU.ActiveCfg = Debug|Any CPU
		{D1E6CA9A-A5CA-4BBB-A496-C9846CBF5CE2}.Debug|Any CPU.Build.0 = Debug|Any CPU
		{D1E6CA9A-A5CA-4BBB-A496-C9846CBF5CE2}.Release|Any CPU.ActiveCfg = Release|Any CPU
		{D1E6CA9A-A5CA-4BBB-A496-C9846CBF5CE2}.Release|Any CPU.Build.0 = Release|Any CPU
	EndGlobalSection
	GlobalSection(SolutionProperties) = preSolution
		HideSolutionNode = FALSE
	EndGlobalSection
	GlobalSection(ExtensibilityGlobals) = postSolution
		SolutionGuid = {8D2F8839-391E-43DA-937C-060A708D5A13}
	EndGlobalSection
EndGlobal
